Microsoft Visual Studio Solution File, Format Version 12.00
# Visual Studio Version 17
VisualStudioVersion = 17.5.2.0
MinimumVisualStudioVersion = 10.0.40219.1
Project("{FAE04EC0-301F-11D3-BF4B-00C04F79EFBC}") = "Tokyo.Web", "Tokyo.Web\Tokyo.Web.csproj", "{6FFF5F20-2CE0-6B9D-8572-65F771E1E551}"
EndProject
Global
	GlobalSection(SolutionConfigurationPlatforms) = preSolution
		Debug|Any CPU = Debug|Any CPU
		Release|Any CPU = Release|Any CPU
	EndGlobalSection
	GlobalSection(ProjectConfigurationPlatforms) = postSolution
		{6FFF5F20-2CE0-6B9D-8572-65F771E1E551}.Debug|Any CPU.ActiveCfg = Debug|Any CPU
		{6FFF5F20-2CE0-6B9D-8572-65F771E1E551}.Debug|Any CPU.Build.0 = Debug|Any CPU
		{6FFF5F20-2CE0-6B9D-8572-65F771E1E551}.Release|Any CPU.ActiveCfg = Release|Any CPU
		{6FFF5F20-2CE0-6B9D-8572-65F771E1E551}.Release|Any CPU.Build.0 = Release|Any CPU
	EndGlobalSection
	GlobalSection(SolutionProperties) = preSolution
		HideSolutionNode = FALSE
	EndGlobalSection
	GlobalSection(ExtensibilityGlobals) = postSolution
		SolutionGuid = {D41C2021-0CBE-4004-A2AB-807DB666EC70}
	EndGlobalSection
EndGlobal
